
Microsoft Visual Studio Solution File, Format Version 12.00
# Visual Studio Version 17
VisualStudioVersion = 17.5.33424.131
MinimumVisualStudioVersion = 10.0.40219.1
Project("{FAE04EC0-301F-11D3-BF4B-00C04F79EFBC}") = "ZarOyunu", "ZarOyunu\ZarOyunu.csproj", "{34D58C2E-9FD9-4FC5-8EAF-EF63B266BC25}"
EndProject
Global
	GlobalSection(SolutionConfigurationPlatforms) = preSolution
		Debug|Any CPU = Debug|Any CPU
		Release|Any CPU = Release|Any CPU
	EndGlobalSection
	GlobalSection(ProjectConfigurationPlatforms) = postSolution
		{34D58C2E-9FD9-4FC5-8EAF-EF63B266BC25}.Debug|Any CPU.ActiveCfg = Debug|Any CPU
		{34D58C2E-9FD9-4FC5-8EAF-EF63B266BC25}.Debug|Any CPU.Build.0 = Debug|Any CPU
		{34D58C2E-9FD9-4FC5-8EAF-EF63B266BC25}.Release|Any CPU.ActiveCfg = Release|Any CPU
		{34D58C2E-9FD9-4FC5-8EAF-EF63B266BC25}.Release|Any CPU.Build.0 = Release|Any CPU
	EndGlobalSection
	GlobalSection(SolutionProperties) = preSolution
		HideSolutionNode = FALSE
	EndGlobalSection
	GlobalSection(ExtensibilityGlobals) = postSolution
		SolutionGuid = {A94722C2-CB62-4A38-8A89-873C8D9EF99E}
	EndGlobalSection
EndGlobal
